
Microsoft Visual Studio Solution File, Format Version 12.00
Project("{FAE04EC0-301F-11D3-BF4B-00C04F79EFBC}") = "CommunicationLibrary", "CommunicationLibrary\CommunicationLibrary.csproj", "{58E3BE4D-1640-45F6-9E19-BDAFF91DFD47}"
EndProject
Project("{FAE04EC0-301F-11D3-BF4B-00C04F79EFBC}") = "ConsoleChatClient", "ConsoleChatClient\ConsoleChatClient.csproj", "{A353815D-9221-4D65-A48A-713009418D40}"
EndProject
Global
	GlobalSection(SolutionConfigurationPlatforms) = preSolution
		Debug|Any CPU = Debug|Any CPU
		Release|Any CPU = Release|Any CPU
	EndGlobalSection
	GlobalSection(ProjectConfigurationPlatforms) = postSolution
		{58E3BE4D-1640-45F6-9E19-BDAFF91DFD47}.Debug|Any CPU.ActiveCfg = Debug|Any CPU
		{58E3BE4D-1640-45F6-9E19-BDAFF91DFD47}.Debug|Any CPU.Build.0 = Debug|Any CPU
		{58E3BE4D-1640-45F6-9E19-BDAFF91DFD47}.Release|Any CPU.ActiveCfg = Release|Any CPU
		{58E3BE4D-1640-45F6-9E19-BDAFF91DFD47}.Release|Any CPU.Build.0 = Release|Any CPU
		{A353815D-9221-4D65-A48A-713009418D40}.Debug|Any CPU.ActiveCfg = Debug|Any CPU
		{A353815D-9221-4D65-A48A-713009418D40}.Debug|Any CPU.Build.0 = Debug|Any CPU
		{A353815D-9221-4D65-A48A-713009418D40}.Release|Any CPU.ActiveCfg = Release|Any CPU
		{A353815D-9221-4D65-A48A-713009418D40}.Release|Any CPU.Build.0 = Release|Any CPU
	EndGlobalSection
EndGlobal
